Microsoft Visual Studio Solution File, Format Version 12.00
# Visual Studio 2012
Project("{8BC9CEB8-8B4A-11D0-8D11-00A0C91BC942}") = "game", "game\game.vcxproj", "{52D48192-6C71-4D4A-BE26-D05C0E02939C}"
EndProject
Project("{8BC9CEB8-8B4A-11D0-8D11-00A0C91BC942}") = "exe", "starwars.vcxproj", "{1BE1D500-A2DB-4585-B3D8-50B8D60C5685}"
EndProject
Project("{8BC9CEB8-8B4A-11D0-8D11-00A0C91BC942}") = "x_game", "x_game\x_game.vcxproj", "{E7A12117-F3B0-4C68-9B44-66CEFCA3AEAA}"
EndProject
Project("{8BC9CEB8-8B4A-11D0-8D11-00A0C91BC942}") = "x_exe", "x_exe\x_exe.vcxproj", "{FD1DA207-0D4A-47A8-A6AD-B81AE1BA28DA}"
	ProjectSection(ProjectDependencies) = postProject
		{E7A12117-F3B0-4C68-9B44-66CEFCA3AEAA} = {E7A12117-F3B0-4C68-9B44-66CEFCA3AEAA}
		{68A067E3-BB9E-435B-9AA3-DD45DB2AA4DB} = {68A067E3-BB9E-435B-9AA3-DD45DB2AA4DB}
	EndProjectSection
EndProject
Project("{8BC9CEB8-8B4A-11D0-8D11-00A0C91BC942}") = "goblib", "goblib\goblib.vcxproj", "{68A067E3-BB9E-435B-9AA3-DD45DB2AA4DB}"
EndProject
Project("{2150E333-8FDC-42A3-9474-1A3956D46DE8}") = "Solution Items", "Solution Items", "{660A2558-E759-4FEC-8FA2-A20FADAADAA8}"
	ProjectSection(SolutionItems) = preProject
		tonet.bat = tonet.bat
		VU.bat = VU.bat
	EndProjectSection
EndProject
Global
	GlobalSection(SolutionConfigurationPlatforms) = preSolution
		Debug|Win32 = Debug|Win32
		FinalBuild|Win32 = FinalBuild|Win32
		Release|Win32 = Release|Win32
		SHDebug|Win32 = SHDebug|Win32
	EndGlobalSection
	GlobalSection(ProjectConfigurationPlatforms) = postSolution
		{52D48192-6C71-4D4A-BE26-D05C0E02939C}.Debug|Win32.ActiveCfg = Debug|Win32
		{52D48192-6C71-4D4A-BE26-D05C0E02939C}.Debug|Win32.Build.0 = Debug|Win32
		{52D48192-6C71-4D4A-BE26-D05C0E02939C}.FinalBuild|Win32.ActiveCfg = FinalBuild|Win32
		{52D48192-6C71-4D4A-BE26-D05C0E02939C}.FinalBuild|Win32.Build.0 = FinalBuild|Win32
		{52D48192-6C71-4D4A-BE26-D05C0E02939C}.Release|Win32.ActiveCfg = Release|Win32
		{52D48192-6C71-4D4A-BE26-D05C0E02939C}.Release|Win32.Build.0 = Release|Win32
		{52D48192-6C71-4D4A-BE26-D05C0E02939C}.SHDebug|Win32.ActiveCfg = SHDebug|Win32
		{1BE1D500-A2DB-4585-B3D8-50B8D60C5685}.Debug|Win32.ActiveCfg = Debug|Win32
		{1BE1D500-A2DB-4585-B3D8-50B8D60C5685}.Debug|Win32.Build.0 = Debug|Win32
		{1BE1D500-A2DB-4585-B3D8-50B8D60C5685}.FinalBuild|Win32.ActiveCfg = FinalBuild|Win32
		{1BE1D500-A2DB-4585-B3D8-50B8D60C5685}.FinalBuild|Win32.Build.0 = FinalBuild|Win32
		{1BE1D500-A2DB-4585-B3D8-50B8D60C5685}.Release|Win32.ActiveCfg = Release|Win32
		{1BE1D500-A2DB-4585-B3D8-50B8D60C5685}.Release|Win32.Build.0 = Release|Win32
		{1BE1D500-A2DB-4585-B3D8-50B8D60C5685}.SHDebug|Win32.ActiveCfg = SHDebug|Win32
		{E7A12117-F3B0-4C68-9B44-66CEFCA3AEAA}.Debug|Win32.ActiveCfg = Debug|Xbox
		{E7A12117-F3B0-4C68-9B44-66CEFCA3AEAA}.FinalBuild|Win32.ActiveCfg = FinalBuild|Xbox
		{E7A12117-F3B0-4C68-9B44-66CEFCA3AEAA}.Release|Win32.ActiveCfg = Release|Xbox
		{E7A12117-F3B0-4C68-9B44-66CEFCA3AEAA}.SHDebug|Win32.ActiveCfg = Debug|Xbox
		{FD1DA207-0D4A-47A8-A6AD-B81AE1BA28DA}.Debug|Win32.ActiveCfg = Debug|Xbox
		{FD1DA207-0D4A-47A8-A6AD-B81AE1BA28DA}.FinalBuild|Win32.ActiveCfg = FinalBuild|Xbox
		{FD1DA207-0D4A-47A8-A6AD-B81AE1BA28DA}.Release|Win32.ActiveCfg = Release|Xbox
		{FD1DA207-0D4A-47A8-A6AD-B81AE1BA28DA}.SHDebug|Win32.ActiveCfg = Debug|Xbox
		{68A067E3-BB9E-435B-9AA3-DD45DB2AA4DB}.Debug|Win32.ActiveCfg = Debug|Xbox
		{68A067E3-BB9E-435B-9AA3-DD45DB2AA4DB}.FinalBuild|Win32.ActiveCfg = FinalBuild|Xbox
		{68A067E3-BB9E-435B-9AA3-DD45DB2AA4DB}.Release|Win32.ActiveCfg = Release|Xbox
		{68A067E3-BB9E-435B-9AA3-DD45DB2AA4DB}.SHDebug|Win32.ActiveCfg = Debug|Xbox
	EndGlobalSection
	GlobalSection(SolutionProperties) = preSolution
		HideSolutionNode = FALSE
	EndGlobalSection
	GlobalSection(DevPartner) = postSolution
	EndGlobalSection
	GlobalSection(DevPartner) = postSolution
	EndGlobalSection
EndGlobal
